
Microsoft Visual Studio Solution File, Format Version 12.00
# Visual Studio Version 17
VisualStudioVersion = 17.9.34902.65
MinimumVisualStudioVersion = 10.0.40219.1
Project("{FAE04EC0-301F-11D3-BF4B-00C04F79EFBC}") = "SuperShopMVVM", "SuperShopMVVM\SuperShopMVVM\SuperShopMVVM.csproj", "{290CF3C9-E11C-45F1-97DE-2C623A7DBA4F}"
EndProject
Project("{FAE04EC0-301F-11D3-BF4B-00C04F79EFBC}") = "SuperShopMVVM.Android", "SuperShopMVVM\SuperShopMVVM.Android\SuperShopMVVM.Android.csproj", "{59FCBF9D-A513-44AC-89DE-15D7D98DD10A}"
EndProject
Project("{FAE04EC0-301F-11D3-BF4B-00C04F79EFBC}") = "SuperShopMVVM.iOS", "SuperShopMVVM\SuperShopMVVM.iOS\SuperShopMVVM.iOS.csproj", "{1B2A8404-1389-448C-A122-55AE240DF465}"
EndProject
Global
	GlobalSection(SolutionConfigurationPlatforms) = preSolution
		Ad-Hoc|Any CPU = Ad-Hoc|Any CPU
		Ad-Hoc|iPhone = Ad-Hoc|iPhone
		Ad-Hoc|iPhoneSimulator = Ad-Hoc|iPhoneSimulator
		AppStore|Any CPU = AppStore|Any CPU
		AppStore|iPhone = AppStore|iPhone
		AppStore|iPhoneSimulator = AppStore|iPhoneSimulator
		Debug|Any CPU = Debug|Any CPU
		Debug|iPhone = Debug|iPhone
		Debug|iPhoneSimulator = Debug|iPhoneSimulator
		Release|Any CPU = Release|Any CPU
		Release|iPhone = Release|iPhone
		Release|iPhoneSimulator = Release|iPhoneSimulator
	EndGlobalSection
	GlobalSection(ProjectConfigurationPlatforms) = postSolution
		{290CF3C9-E11C-45F1-97DE-2C623A7DBA4F}.Ad-Hoc|Any CPU.ActiveCfg = Debug|Any CPU
		{290CF3C9-E11C-45F1-97DE-2C623A7DBA4F}.Ad-Hoc|Any CPU.Build.0 = Debug|Any CPU
		{290CF3C9-E11C-45F1-97DE-2C623A7DBA4F}.Ad-Hoc|iPhone.ActiveCfg = Debug|Any CPU
		{290CF3C9-E11C-45F1-97DE-2C623A7DBA4F}.Ad-Hoc|iPhone.Build.0 = Debug|Any CPU
		{290CF3C9-E11C-45F1-97DE-2C623A7DBA4F}.Ad-Hoc|iPhoneSimulator.ActiveCfg = Debug|Any CPU
		{290CF3C9-E11C-45F1-97DE-2C623A7DBA4F}.Ad-Hoc|iPhoneSimulator.Build.0 = Debug|Any CPU
		{290CF3C9-E11C-45F1-97DE-2C623A7DBA4F}.AppStore|Any CPU.ActiveCfg = Debug|Any CPU
		{290CF3C9-E11C-45F1-97DE-2C623A7DBA4F}.AppStore|Any CPU.Build.0 = Debug|Any CPU
		{290CF3C9-E11C-45F1-97DE-2C623A7DBA4F}.AppStore|iPhone.ActiveCfg = Debug|Any CPU
		{290CF3C9-E11C-45F1-97DE-2C623A7DBA4F}.AppStore|iPhone.Build.0 = Debug|Any CPU
		{290CF3C9-E11C-45F1-97DE-2C623A7DBA4F}.AppStore|iPhoneSimulator.ActiveCfg = Debug|Any CPU
		{290CF3C9-E11C-45F1-97DE-2C623A7DBA4F}.AppStore|iPhoneSimulator.Build.0 = Debug|Any CPU
		{290CF3C9-E11C-45F1-97DE-2C623A7DBA4F}.Debug|Any CPU.ActiveCfg = Debug|Any CPU
		{290CF3C9-E11C-45F1-97DE-2C623A7DBA4F}.Debug|Any CPU.Build.0 = Debug|Any CPU
		{290CF3C9-E11C-45F1-97DE-2C623A7DBA4F}.Debug|iPhone.ActiveCfg = Debug|Any CPU
		{290CF3C9-E11C-45F1-97DE-2C623A7DBA4F}.Debug|iPhone.Build.0 = Debug|Any CPU
		{290CF3C9-E11C-45F1-97DE-2C623A7DBA4F}.Debug|iPhoneSimulator.ActiveCfg = Debug|Any CPU
		{290CF3C9-E11C-45F1-97DE-2C623A7DBA4F}.Debug|iPhoneSimulator.Build.0 = Debug|Any CPU
		{290CF3C9-E11C-45F1-97DE-2C623A7DBA4F}.Release|Any CPU.ActiveCfg = Release|Any CPU
		{290CF3C9-E11C-45F1-97DE-2C623A7DBA4F}.Release|Any CPU.Build.0 = Release|Any CPU
		{290CF3C9-E11C-45F1-97DE-2C623A7DBA4F}.Release|iPhone.ActiveCfg = Release|Any CPU
		{290CF3C9-E11C-45F1-97DE-2C623A7DBA4F}.Release|iPhone.Build.0 = Release|Any CPU
		{290CF3C9-E11C-45F1-97DE-2C623A7DBA4F}.Release|iPhoneSimulator.ActiveCfg = Release|Any CPU
		{290CF3C9-E11C-45F1-97DE-2C623A7DBA4F}.Release|iPhoneSimulator.Build.0 = Release|Any CPU
		{59FCBF9D-A513-44AC-89DE-15D7D98DD10A}.Ad-Hoc|Any CPU.ActiveCfg = Debug|Any CPU
		{59FCBF9D-A513-44AC-89DE-15D7D98DD10A}.Ad-Hoc|Any CPU.Build.0 = Debug|Any CPU
		{59FCBF9D-A513-44AC-89DE-15D7D98DD10A}.Ad-Hoc|Any CPU.Deploy.0 = Debug|Any CPU
		{59FCBF9D-A513-44AC-89DE-15D7D98DD10A}.Ad-Hoc|iPhone.ActiveCfg = Debug|Any CPU
		{59FCBF9D-A513-44AC-89DE-15D7D98DD10A}.Ad-Hoc|iPhone.Build.0 = Debug|Any CPU
		{59FCBF9D-A513-44AC-89DE-15D7D98DD10A}.Ad-Hoc|iPhone.Deploy.0 = Debug|Any CPU
		{59FCBF9D-A513-44AC-89DE-15D7D98DD10A}.Ad-Hoc|iPhoneSimulator.ActiveCfg = Debug|Any CPU
		{59FCBF9D-A513-44AC-89DE-15D7D98DD10A}.Ad-Hoc|iPhoneSimulator.Build.0 = Debug|Any CPU
		{59FCBF9D-A513-44AC-89DE-15D7D98DD10A}.Ad-Hoc|iPhoneSimulator.Deploy.0 = Debug|Any CPU
		{59FCBF9D-A513-44AC-89DE-15D7D98DD10A}.AppStore|Any CPU.ActiveCfg = Debug|Any CPU
		{59FCBF9D-A513-44AC-89DE-15D7D98DD10A}.AppStore|Any CPU.Build.0 = Debug|Any CPU
		{59FCBF9D-A513-44AC-89DE-15D7D98DD10A}.AppStore|Any CPU.Deploy.0 = Debug|Any CPU
		{59FCBF9D-A513-44AC-89DE-15D7D98DD10A}.AppStore|iPhone.ActiveCfg = Debug|Any CPU
		{59FCBF9D-A513-44AC-89DE-15D7D98DD10A}.AppStore|iPhone.Build.0 = Debug|Any CPU
		{59FCBF9D-A513-44AC-89DE-15D7D98DD10A}.AppStore|iPhone.Deploy.0 = Debug|Any CPU
		{59FCBF9D-A513-44AC-89DE-15D7D98DD10A}.AppStore|iPhoneSimulator.ActiveCfg = Debug|Any CPU
		{59FCBF9D-A513-44AC-89DE-15D7D98DD10A}.AppStore|iPhoneSimulator.Build.0 = Debug|Any CPU
		{59FCBF9D-A513-44AC-89DE-15D7D98DD10A}.AppStore|iPhoneSimulator.Deploy.0 = Debug|Any CPU
		{59FCBF9D-A513-44AC-89DE-15D7D98DD10A}.Debug|Any CPU.ActiveCfg = Debug|Any CPU
		{59FCBF9D-A513-44AC-89DE-15D7D98DD10A}.Debug|Any CPU.Build.0 = Debug|Any CPU
		{59FCBF9D-A513-44AC-89DE-15D7D98DD10A}.Debug|Any CPU.Deploy.0 = Debug|Any CPU
		{59FCBF9D-A513-44AC-89DE-15D7D98DD10A}.Debug|iPhone.ActiveCfg = Debug|Any CPU
		{59FCBF9D-A513-44AC-89DE-15D7D98DD10A}.Debug|iPhone.Build.0 = Debug|Any CPU
		{59FCBF9D-A513-44AC-89DE-15D7D98DD10A}.Debug|iPhone.Deploy.0 = Debug|Any CPU
		{59FCBF9D-A513-44AC-89DE-15D7D98DD10A}.Debug|iPhoneSimulator.ActiveCfg = Debug|Any CPU
		{59FCBF9D-A513-44AC-89DE-15D7D98DD10A}.Debug|iPhoneSimulator.Build.0 = Debug|Any CPU
		{59FCBF9D-A513-44AC-89DE-15D7D98DD10A}.Debug|iPhoneSimulator.Deploy.0 = Debug|Any CPU
		{59FCBF9D-A513-44AC-89DE-15D7D98DD10A}.Release|Any CPU.ActiveCfg = Release|Any CPU
		{59FCBF9D-A513-44AC-89DE-15D7D98DD10A}.Release|Any CPU.Build.0 = Release|Any CPU
		{59FCBF9D-A513-44AC-89DE-15D7D98DD10A}.Release|Any CPU.Deploy.0 = Release|Any CPU
		{59FCBF9D-A513-44AC-89DE-15D7D98DD10A}.Release|iPhone.ActiveCfg = Release|Any CPU
		{59FCBF9D-A513-44AC-89DE-15D7D98DD10A}.Release|iPhone.Build.0 = Release|Any CPU
		{59FCBF9D-A513-44AC-89DE-15D7D98DD10A}.Release|iPhone.Deploy.0 = Release|Any CPU
		{59FCBF9D-A513-44AC-89DE-15D7D98DD10A}.Release|iPhoneSimulator.ActiveCfg = Release|Any CPU
		{59FCBF9D-A513-44AC-89DE-15D7D98DD10A}.Release|iPhoneSimulator.Build.0 = Release|Any CPU
		{59FCBF9D-A513-44AC-89DE-15D7D98DD10A}.Release|iPhoneSimulator.Deploy.0 = Release|Any CPU
		{1B2A8404-1389-448C-A122-55AE240DF465}.Ad-Hoc|Any CPU.ActiveCfg = Ad-Hoc|iPhoneSimulator
		{1B2A8404-1389-448C-A122-55AE240DF465}.Ad-Hoc|Any CPU.Build.0 = Ad-Hoc|iPhoneSimulator
		{1B2A8404-1389-448C-A122-55AE240DF465}.Ad-Hoc|iPhone.ActiveCfg = Ad-Hoc|iPhone
		{1B2A8404-1389-448C-A122-55AE240DF465}.Ad-Hoc|iPhone.Build.0 = Ad-Hoc|iPhone
		{1B2A8404-1389-448C-A122-55AE240DF465}.Ad-Hoc|iPhoneSimulator.ActiveCfg = Ad-Hoc|iPhoneSimulator
		{1B2A8404-1389-448C-A122-55AE240DF465}.Ad-Hoc|iPhoneSimulator.Build.0 = Ad-Hoc|iPhoneSimulator
		{1B2A8404-1389-448C-A122-55AE240DF465}.AppStore|Any CPU.ActiveCfg = AppStore|iPhoneSimulator
		{1B2A8404-1389-448C-A122-55AE240DF465}.AppStore|Any CPU.Build.0 = AppStore|iPhoneSimulator
		{1B2A8404-1389-448C-A122-55AE240DF465}.AppStore|iPhone.ActiveCfg = AppStore|iPhone
		{1B2A8404-1389-448C-A122-55AE240DF465}.AppStore|iPhone.Build.0 = AppStore|iPhone
		{1B2A8404-1389-448C-A122-55AE240DF465}.AppStore|iPhoneSimulator.ActiveCfg = AppStore|iPhoneSimulator
		{1B2A8404-1389-448C-A122-55AE240DF465}.AppStore|iPhoneSimulator.Build.0 = AppStore|iPhoneSimulator
		{1B2A8404-1389-448C-A122-55AE240DF465}.Debug|Any CPU.ActiveCfg = Debug|iPhoneSimulator
		{1B2A8404-1389-448C-A122-55AE240DF465}.Debug|Any CPU.Build.0 = Debug|iPhoneSimulator
		{1B2A8404-1389-448C-A122-55AE240DF465}.Debug|iPhone.ActiveCfg = Debug|iPhone
		{1B2A8404-1389-448C-A122-55AE240DF465}.Debug|iPhone.Build.0 = Debug|iPhone
		{1B2A8404-1389-448C-A122-55AE240DF465}.Debug|iPhoneSimulator.ActiveCfg = Debug|iPhoneSimulator
		{1B2A8404-1389-448C-A122-55AE240DF465}.Debug|iPhoneSimulator.Build.0 = Debug|iPhoneSimulator
		{1B2A8404-1389-448C-A122-55AE240DF465}.Release|Any CPU.ActiveCfg = Release|iPhoneSimulator
		{1B2A8404-1389-448C-A122-55AE240DF465}.Release|Any CPU.Build.0 = Release|iPhoneSimulator
		{1B2A8404-1389-448C-A122-55AE240DF465}.Release|iPhone.ActiveCfg = Release|iPhone
		{1B2A8404-1389-448C-A122-55AE240DF465}.Release|iPhone.Build.0 = Release|iPhone
		{1B2A8404-1389-448C-A122-55AE240DF465}.Release|iPhoneSimulator.ActiveCfg = Release|iPhoneSimulator
		{1B2A8404-1389-448C-A122-55AE240DF465}.Release|iPhoneSimulator.Build.0 = Release|iPhoneSimulator
	EndGlobalSection
	GlobalSection(SolutionProperties) = preSolution
		HideSolutionNode = FALSE
	EndGlobalSection
	GlobalSection(ExtensibilityGlobals) = postSolution
		SolutionGuid = {201008C4-0B87-4E05-AE5C-996E12F29529}
	EndGlobalSection
EndGlobal
